
Microsoft Visual Studio Solution File, Format Version 12.00
# Visual Studio 15
VisualStudioVersion = 15.0.27428.2037
MinimumVisualStudioVersion = 10.0.40219.1
Project("{FAE04EC0-301F-11D3-BF4B-00C04F79EFBC}") = "TANet.Core", "TANet.Core\TANet.Core.csproj", "{63CFB1CF-BE63-40F1-9DCF-6056EDA162F2}"
EndProject
Project("{FAE04EC0-301F-11D3-BF4B-00C04F79EFBC}") = "TANet.Contracts", "TANet.Contracts\TANet.Contracts.csproj", "{CC684BF3-8EA1-4C3E-928A-F2E195396AAE}"
EndProject
Project("{FAE04EC0-301F-11D3-BF4B-00C04F79EFBC}") = "TANet.Util", "TANet.Util\TANet.Util.csproj", "{4D7B4A03-4A95-4396-8290-1FC8BBC8BE9C}"
EndProject
Global
	GlobalSection(SolutionConfigurationPlatforms) = preSolution
		Debug|Any CPU = Debug|Any CPU
		Release|Any CPU = Release|Any CPU
	EndGlobalSection
	GlobalSection(ProjectConfigurationPlatforms) = postSolution
		{63CFB1CF-BE63-40F1-9DCF-6056EDA162F2}.Debug|Any CPU.ActiveCfg = Debug|Any CPU
		{63CFB1CF-BE63-40F1-9DCF-6056EDA162F2}.Debug|Any CPU.Build.0 = Debug|Any CPU
		{63CFB1CF-BE63-40F1-9DCF-6056EDA162F2}.Release|Any CPU.ActiveCfg = Release|Any CPU
		{63CFB1CF-BE63-40F1-9DCF-6056EDA162F2}.Release|Any CPU.Build.0 = Release|Any CPU
		{CC684BF3-8EA1-4C3E-928A-F2E195396AAE}.Debug|Any CPU.ActiveCfg = Debug|Any CPU
		{CC684BF3-8EA1-4C3E-928A-F2E195396AAE}.Debug|Any CPU.Build.0 = Debug|Any CPU
		{CC684BF3-8EA1-4C3E-928A-F2E195396AAE}.Release|Any CPU.ActiveCfg = Release|Any CPU
		{CC684BF3-8EA1-4C3E-928A-F2E195396AAE}.Release|Any CPU.Build.0 = Release|Any CPU
		{4D7B4A03-4A95-4396-8290-1FC8BBC8BE9C}.Debug|Any CPU.ActiveCfg = Debug|Any CPU
		{4D7B4A03-4A95-4396-8290-1FC8BBC8BE9C}.Debug|Any CPU.Build.0 = Debug|Any CPU
		{4D7B4A03-4A95-4396-8290-1FC8BBC8BE9C}.Release|Any CPU.ActiveCfg = Release|Any CPU
		{4D7B4A03-4A95-4396-8290-1FC8BBC8BE9C}.Release|Any CPU.Build.0 = Release|Any CPU
	EndGlobalSection
	GlobalSection(SolutionProperties) = preSolution
		HideSolutionNode = FALSE
	EndGlobalSection
	GlobalSection(ExtensibilityGlobals) = postSolution
		SolutionGuid = {E9680C84-E26F-4AB4-825B-33964E96EE20}
	EndGlobalSection
EndGlobal
